
Microsoft Visual Studio Solution File, Format Version 12.00
# Visual Studio 15
Project("{FAE04EC0-301F-11D3-BF4B-00C04F79EFBC}") = "UnityEngine.TestRunner", "UnityEngine.TestRunner.csproj", "{49537D02-B842-FB73-8994-59BC53116E12}"
EndProject
Project("{FAE04EC0-301F-11D3-BF4B-00C04F79EFBC}") = "Assembly-CSharp", "Assembly-CSharp.csproj", "{8280526A-59DB-18CE-F350-036A092D0694}"
EndProject
Project("{FAE04EC0-301F-11D3-BF4B-00C04F79EFBC}") = "UnityEditor.TestRunner", "UnityEditor.TestRunner.csproj", "{FAB2A2DA-B547-B102-394D-DADC04AE0C72}"
EndProject
Project("{FAE04EC0-301F-11D3-BF4B-00C04F79EFBC}") = "Unity.VisualStudio.Editor", "Unity.VisualStudio.Editor.csproj", "{D32D53EF-B86A-087A-5E6D-8B3C9F809F9B}"
EndProject
Project("{FAE04EC0-301F-11D3-BF4B-00C04F79EFBC}") = "TS.OptTool.Editor", "TS.OptTool.Editor.csproj", "{4931F666-F90F-3533-1740-19E89D072983}"
EndProject
Project("{FAE04EC0-301F-11D3-BF4B-00C04F79EFBC}") = "UnityEngine.TestRunner", "UnityEngine.TestRunner.Player.csproj", "{597B81DC-7B4A-75E7-9047-FB69F19A42D0}"
EndProject
Project("{FAE04EC0-301F-11D3-BF4B-00C04F79EFBC}") = "Assembly-CSharp", "Assembly-CSharp.Player.csproj", "{E9DE7D3E-ABFE-864E-A5D3-FEB5612ED447}"
EndProject
Global
	GlobalSection(SolutionConfigurationPlatforms) = preSolution
		Debug|Any CPU = Debug|Any CPU
		Release|Any CPU = Release|Any CPU
	EndGlobalSection
	GlobalSection(ProjectConfigurationPlatforms) = postSolution
		{49537D02-B842-FB73-8994-59BC53116E12}.Debug|Any CPU.ActiveCfg = Debug|Any CPU
		{49537D02-B842-FB73-8994-59BC53116E12}.Debug|Any CPU.Build.0 = Debug|Any CPU
		{49537D02-B842-FB73-8994-59BC53116E12}.Release|Any CPU.ActiveCfg = Release|Any CPU
		{49537D02-B842-FB73-8994-59BC53116E12}.Release|Any CPU.Build.0 = Release|Any CPU
		{8280526A-59DB-18CE-F350-036A092D0694}.Debug|Any CPU.ActiveCfg = Debug|Any CPU
		{8280526A-59DB-18CE-F350-036A092D0694}.Debug|Any CPU.Build.0 = Debug|Any CPU
		{8280526A-59DB-18CE-F350-036A092D0694}.Release|Any CPU.ActiveCfg = Release|Any CPU
		{8280526A-59DB-18CE-F350-036A092D0694}.Release|Any CPU.Build.0 = Release|Any CPU
		{FAB2A2DA-B547-B102-394D-DADC04AE0C72}.Debug|Any CPU.ActiveCfg = Debug|Any CPU
		{FAB2A2DA-B547-B102-394D-DADC04AE0C72}.Debug|Any CPU.Build.0 = Debug|Any CPU
		{FAB2A2DA-B547-B102-394D-DADC04AE0C72}.Release|Any CPU.ActiveCfg = Release|Any CPU
		{FAB2A2DA-B547-B102-394D-DADC04AE0C72}.Release|Any CPU.Build.0 = Release|Any CPU
		{D32D53EF-B86A-087A-5E6D-8B3C9F809F9B}.Debug|Any CPU.ActiveCfg = Debug|Any CPU
		{D32D53EF-B86A-087A-5E6D-8B3C9F809F9B}.Debug|Any CPU.Build.0 = Debug|Any CPU
		{D32D53EF-B86A-087A-5E6D-8B3C9F809F9B}.Release|Any CPU.ActiveCfg = Release|Any CPU
		{D32D53EF-B86A-087A-5E6D-8B3C9F809F9B}.Release|Any CPU.Build.0 = Release|Any CPU
		{4931F666-F90F-3533-1740-19E89D072983}.Debug|Any CPU.ActiveCfg = Debug|Any CPU
		{4931F666-F90F-3533-1740-19E89D072983}.Debug|Any CPU.Build.0 = Debug|Any CPU
		{4931F666-F90F-3533-1740-19E89D072983}.Release|Any CPU.ActiveCfg = Release|Any CPU
		{4931F666-F90F-3533-1740-19E89D072983}.Release|Any CPU.Build.0 = Release|Any CPU
		{597B81DC-7B4A-75E7-9047-FB69F19A42D0}.Debug|Any CPU.ActiveCfg = Debug|Any CPU
		{597B81DC-7B4A-75E7-9047-FB69F19A42D0}.Debug|Any CPU.Build.0 = Debug|Any CPU
		{597B81DC-7B4A-75E7-9047-FB69F19A42D0}.Release|Any CPU.ActiveCfg = Release|Any CPU
		{597B81DC-7B4A-75E7-9047-FB69F19A42D0}.Release|Any CPU.Build.0 = Release|Any CPU
		{E9DE7D3E-ABFE-864E-A5D3-FEB5612ED447}.Debug|Any CPU.ActiveCfg = Debug|Any CPU
		{E9DE7D3E-ABFE-864E-A5D3-FEB5612ED447}.Debug|Any CPU.Build.0 = Debug|Any CPU
		{E9DE7D3E-ABFE-864E-A5D3-FEB5612ED447}.Release|Any CPU.ActiveCfg = Release|Any CPU
		{E9DE7D3E-ABFE-864E-A5D3-FEB5612ED447}.Release|Any CPU.Build.0 = Release|Any CPU
	EndGlobalSection
	GlobalSection(SolutionProperties) = preSolution
		HideSolutionNode = FALSE
	EndGlobalSection
EndGlobal
